
Microsoft Visual Studio Solution File, Format Version 12.00
# Visual Studio Version 16
VisualStudioVersion = 16.0.30517.126
MinimumVisualStudioVersion = 10.0.40219.1
Project("{FAE04EC0-301F-11D3-BF4B-00C04F79EFBC}") = "CozinhaDaCelina", "CozinhaDaCelina.csproj", "{C4416D08-08A9-4CE9-9EE2-EDCD2EA27013}"
EndProject
Global
	GlobalSection(SolutionConfigurationPlatforms) = preSolution
		Debug|Any CPU = Debug|Any CPU
		Release|Any CPU = Release|Any CPU
	EndGlobalSection
	GlobalSection(ProjectConfigurationPlatforms) = postSolution
		{C4416D08-08A9-4CE9-9EE2-EDCD2EA27013}.Debug|Any CPU.ActiveCfg = Debug|Any CPU
		{C4416D08-08A9-4CE9-9EE2-EDCD2EA27013}.Debug|Any CPU.Build.0 = Debug|Any CPU
		{C4416D08-08A9-4CE9-9EE2-EDCD2EA27013}.Release|Any CPU.ActiveCfg = Release|Any CPU
		{C4416D08-08A9-4CE9-9EE2-EDCD2EA27013}.Release|Any CPU.Build.0 = Release|Any CPU
	EndGlobalSection
	GlobalSection(SolutionProperties) = preSolution
		HideSolutionNode = FALSE
	EndGlobalSection
	GlobalSection(ExtensibilityGlobals) = postSolution
		SolutionGuid = {F1C8A8DA-690F-4896-B431-0368986ECEB7}
	EndGlobalSection
EndGlobal
